// !$*UTF8*$!
{
	archiveVersion = 1;
	classes = {
	};
	objectVersion = 56;
	objects = {

/* Begin PBXBuildFile section */
		A557D62629AE91F90048C72E /* ConstructURLs.swift in Sources */ = {isa = PBXBuildFile; fileRef = A557D62529AE91F90048C72E /* ConstructURLs.swift */; };
		A58805C32991BCDC00305BE7 /* String+Localized.swift in Sources */ = {isa = PBXBuildFile; fileRef = A58805C22991BCDC00305BE7 /* String+Localized.swift */; };
		A58805C72991BEB700305BE7 /* Localizable.strings in Resources */ = {isa = PBXBuildFile; fileRef = A58805C92991BEB700305BE7 /* Localizable.strings */; };
		A59BF174298D56CE0082B923 /* AppDelegate.swift in Sources */ = {isa = PBXBuildFile; fileRef = A59BF173298D56CE0082B923 /* AppDelegate.swift */; };
		A59BF176298D56CE0082B923 /* SceneDelegate.swift in Sources */ = {isa = PBXBuildFile; fileRef = A59BF175298D56CE0082B923 /* SceneDelegate.swift */; };
		A59BF17D298D56D00082B923 /* Assets.xcassets in Resources */ = {isa = PBXBuildFile; fileRef = A59BF17C298D56D00082B923 /* Assets.xcassets */; };
		A59BF180298D56D00082B923 /* LaunchScreen.storyboard in Resources */ = {isa = PBXBuildFile; fileRef = A59BF17E298D56D00082B923 /* LaunchScreen.storyboard */; };
		A59BF191298D7F5E0082B923 /* CategoriesViewController.swift in Sources */ = {isa = PBXBuildFile; fileRef = A59BF190298D7F5E0082B923 /* CategoriesViewController.swift */; };
		A59BF193298D7F7B0082B923 /* BooksViewController.swift in Sources */ = {isa = PBXBuildFile; fileRef = A59BF192298D7F7B0082B923 /* BooksViewController.swift */; };
		A59BF196298D800E0082B923 /* CategoryCollectionViewCell.swift in Sources */ = {isa = PBXBuildFile; fileRef = A59BF195298D800E0082B923 /* CategoryCollectionViewCell.swift */; };
		A59BF198298D801A0082B923 /* BookCollectionViewCell.swift in Sources */ = {isa = PBXBuildFile; fileRef = A59BF197298D801A0082B923 /* BookCollectionViewCell.swift */; };
		A59BF19B298D81F40082B923 /* CategoryListViewModel.swift in Sources */ = {isa = PBXBuildFile; fileRef = A59BF19A298D81F40082B923 /* CategoryListViewModel.swift */; };
		A59BF19D298D82010082B923 /* BookListViewModel.swift in Sources */ = {isa = PBXBuildFile; fileRef = A59BF19C298D82010082B923 /* BookListViewModel.swift */; };
		A59BF1A6298D8A2F0082B923 /* UILabel+.swift in Sources */ = {isa = PBXBuildFile; fileRef = A59BF1A5298D8A2F0082B923 /* UILabel+.swift */; };
		A59BF1A8298DAC470082B923 /* WebViewViewController.swift in Sources */ = {isa = PBXBuildFile; fileRef = A59BF1A7298DAC470082B923 /* WebViewViewController.swift */; };
		A59BF1AA298DBB610082B923 /* NYTAPIManager.swift in Sources */ = {isa = PBXBuildFile; fileRef = A59BF1A9298DBB610082B923 /* NYTAPIManager.swift */; };
		A59BF1B4298E709C0082B923 /* NYTAPIKey.swift in Sources */ = {isa = PBXBuildFile; fileRef = A59BF1B3298E709C0082B923 /* NYTAPIKey.swift */; };
		A59BF1B7298E72590082B923 /* Alamofire in Frameworks */ = {isa = PBXBuildFile; productRef = A59BF1B6298E72590082B923 /* Alamofire */; };
		A59BF1B9298ED1940082B923 /* NotificationsName+.swift in Sources */ = {isa = PBXBuildFile; fileRef = A59BF1B8298ED1940082B923 /* NotificationsName+.swift */; };
		A59BF1BC298F06DB0082B923 /* AlamofireImage in Frameworks */ = {isa = PBXBuildFile; productRef = A59BF1BB298F06DB0082B923 /* AlamofireImage */; };
		A59BF1BF298FAE3F0082B923 /* NYTTestPysarenkoDev.xcdatamodeld in Sources */ = {isa = PBXBuildFile; fileRef = A59BF1BD298FAE3F0082B923 /* NYTTestPysarenkoDev.xcdatamodeld */; };
		A59BF1C2298FAE790082B923 /* CoreDataStack.swift in Sources */ = {isa = PBXBuildFile; fileRef = A59BF1C1298FAE790082B923 /* CoreDataStack.swift */; };
		A59BF1CB298FB1160082B923 /* CategoryEntity+CoreDataClass.swift in Sources */ = {isa = PBXBuildFile; fileRef = A59BF1C5298FB1160082B923 /* CategoryEntity+CoreDataClass.swift */; };
		A59BF1CC298FB1160082B923 /* CategoryEntity+CoreDataProperties.swift in Sources */ = {isa = PBXBuildFile; fileRef = A59BF1C6298FB1160082B923 /* CategoryEntity+CoreDataProperties.swift */; };
		A59BF1D2298FBEC30082B923 /* BuyLinkEntity+CoreDataClass.swift in Sources */ = {isa = PBXBuildFile; fileRef = A59BF1D0298FBEC30082B923 /* BuyLinkEntity+CoreDataClass.swift */; };
		A59BF1D3298FBEC30082B923 /* BuyLinkEntity+CoreDataProperties.swift in Sources */ = {isa = PBXBuildFile; fileRef = A59BF1D1298FBEC30082B923 /* BuyLinkEntity+CoreDataProperties.swift */; };
		A59BF1DE298FC9B10082B923 /* SwiftyJSON in Frameworks */ = {isa = PBXBuildFile; productRef = A59BF1DD298FC9B10082B923 /* SwiftyJSON */; };
		A59BF1E0298FCE180082B923 /* DataProvider.swift in Sources */ = {isa = PBXBuildFile; fileRef = A59BF1DF298FCE180082B923 /* DataProvider.swift */; };
		A5D67B9A29AE082F00E7DACA /* ResponseCategories.swift in Sources */ = {isa = PBXBuildFile; fileRef = A5D67B9929AE082F00E7DACA /* ResponseCategories.swift */; };
		A5D67B9C29AE085700E7DACA /* CategoryModel.swift in Sources */ = {isa = PBXBuildFile; fileRef = A5D67B9B29AE085700E7DACA /* CategoryModel.swift */; };
		A5D67B9E29AE089800E7DACA /* BookModel.swift in Sources */ = {isa = PBXBuildFile; fileRef = A5D67B9D29AE089800E7DACA /* BookModel.swift */; };
		A5D67BA029AE08BB00E7DACA /* ResponseBooks.swift in Sources */ = {isa = PBXBuildFile; fileRef = A5D67B9F29AE08BB00E7DACA /* ResponseBooks.swift */; };
		A5DDC42F2993D76900CF1485 /* Dynamic.swift in Sources */ = {isa = PBXBuildFile; fileRef = A5DDC42E2993D76900CF1485 /* Dynamic.swift */; };
		A5E38E6B2992EAC50088B860 /* BuyLinksAlertController.swift in Sources */ = {isa = PBXBuildFile; fileRef = A5E38E6A2992EAC50088B860 /* BuyLinksAlertController.swift */; };
		A5F0A8322994096500755F43 /* BookEntity+CoreDataClass.swift in Sources */ = {isa = PBXBuildFile; fileRef = A5F0A82E2994096500755F43 /* BookEntity+CoreDataClass.swift */; };
		A5F0A8332994096500755F43 /* BookEntity+CoreDataProperties.swift in Sources */ = {isa = PBXBuildFile; fileRef = A5F0A82F2994096500755F43 /* BookEntity+CoreDataProperties.swift */; };
		A5F0A83A2995175000755F43 /* BookCategoriesEntity+CoreDataClass.swift in Sources */ = {isa = PBXBuildFile; fileRef = A5F0A8362995175000755F43 /* BookCategoriesEntity+CoreDataClass.swift */; };
		A5F0A83B2995175000755F43 /* BookCategoriesEntity+CoreDataProperties.swift in Sources */ = {isa = PBXBuildFile; fileRef = A5F0A8372995175000755F43 /* BookCategoriesEntity+CoreDataProperties.swift */; };
		A5F0A83C2995175000755F43 /* BookIDEntity+CoreDataClass.swift in Sources */ = {isa = PBXBuildFile; fileRef = A5F0A8382995175000755F43 /* BookIDEntity+CoreDataClass.swift */; };
		A5F0A83D2995175000755F43 /* BookIDEntity+CoreDataProperties.swift in Sources */ = {isa = PBXBuildFile; fileRef = A5F0A8392995175000755F43 /* BookIDEntity+CoreDataProperties.swift */; };
		B83799EB800C58AE1C0DFCF7 /* Pods_NYTTestPysarenkoDev.framework in Frameworks */ = {isa = PBXBuildFile; fileRef = 4017B47FC98C14C509D06FAA /* Pods_NYTTestPysarenkoDev.framework */; };
/* End PBXBuildFile section */

/* Begin PBXFileReference section */
		4017B47FC98C14C509D06FAA /* Pods_NYTTestPysarenkoDev.framework */ = {isa = PBXFileReference; explicitFileType = wrapper.framework; includeInIndex = 0; path = Pods_NYTTestPysarenkoDev.framework; sourceTree = BUILT_PRODUCTS_DIR; };
		94711481C84EDFA6CE82C1CB /* Pods-NYTTestPysarenkoDev.release.xcconfig */ = {isa = PBXFileReference; includeInIndex = 1; lastKnownFileType = text.xcconfig; name = "Pods-NYTTestPysarenkoDev.release.xcconfig"; path = "Target Support Files/Pods-NYTTestPysarenkoDev/Pods-NYTTestPysarenkoDev.release.xcconfig"; sourceTree = "<group>"; };
		A557D62529AE91F90048C72E /* ConstructURLs.swift */ = {isa = PBXFileReference; lastKnownFileType = sourcecode.swift; path = ConstructURLs.swift; sourceTree = "<group>"; };
		A58805C22991BCDC00305BE7 /* String+Localized.swift */ = {isa = PBXFileReference; lastKnownFileType = sourcecode.swift; path = "String+Localized.swift"; sourceTree = "<group>"; };
		A58805C82991BEB700305BE7 /* en */ = {isa = PBXFileReference; lastKnownFileType = text.plist.strings; name = en; path = en.lproj/Localizable.strings; sourceTree = "<group>"; };
		A58805CA2991BECF00305BE7 /* uk */ = {isa = PBXFileReference; lastKnownFileType = text.plist.strings; name = uk; path = uk.lproj/Localizable.strings; sourceTree = "<group>"; };
		A59BF170298D56CE0082B923 /* NYTTestPysarenkoDev.app */ = {isa = PBXFileReference; explicitFileType = wrapper.application; includeInIndex = 0; path = NYTTestPysarenkoDev.app; sourceTree = BUILT_PRODUCTS_DIR; };
		A59BF173298D56CE0082B923 /* AppDelegate.swift */ = {isa = PBXFileReference; lastKnownFileType = sourcecode.swift; path = AppDelegate.swift; sourceTree = "<group>"; };
		A59BF175298D56CE0082B923 /* SceneDelegate.swift */ = {isa = PBXFileReference; lastKnownFileType = sourcecode.swift; path = SceneDelegate.swift; sourceTree = "<group>"; };
		A59BF17C298D56D00082B923 /* Assets.xcassets */ = {isa = PBXFileReference; lastKnownFileType = folder.assetcatalog; path = Assets.xcassets; sourceTree = "<group>"; };
		A59BF17F298D56D00082B923 /* Base */ = {isa = PBXFileReference; lastKnownFileType = file.storyboard; name = Base; path = Base.lproj/LaunchScreen.storyboard; sourceTree = "<group>"; };
		A59BF181298D56D00082B923 /* Info.plist */ = {isa = PBXFileReference; lastKnownFileType = text.plist.xml; path = Info.plist; sourceTree = "<group>"; };
		A59BF190298D7F5E0082B923 /* CategoriesViewController.swift */ = {isa = PBXFileReference; lastKnownFileType = sourcecode.swift; path = CategoriesViewController.swift; sourceTree = "<group>"; };
		A59BF192298D7F7B0082B923 /* BooksViewController.swift */ = {isa = PBXFileReference; lastKnownFileType = sourcecode.swift; path = BooksViewController.swift; sourceTree = "<group>"; };
		A59BF195298D800E0082B923 /* CategoryCollectionViewCell.swift */ = {isa = PBXFileReference; lastKnownFileType = sourcecode.swift; path = CategoryCollectionViewCell.swift; sourceTree = "<group>"; };
		A59BF197298D801A0082B923 /* BookCollectionViewCell.swift */ = {isa = PBXFileReference; lastKnownFileType = sourcecode.swift; path = BookCollectionViewCell.swift; sourceTree = "<group>"; };
		A59BF19A298D81F40082B923 /* CategoryListViewModel.swift */ = {isa = PBXFileReference; lastKnownFileType = sourcecode.swift; path = CategoryListViewModel.swift; sourceTree = "<group>"; };
		A59BF19C298D82010082B923 /* BookListViewModel.swift */ = {isa = PBXFileReference; lastKnownFileType = sourcecode.swift; path = BookListViewModel.swift; sourceTree = "<group>"; };
		A59BF1A5298D8A2F0082B923 /* UILabel+.swift */ = {isa = PBXFileReference; lastKnownFileType = sourcecode.swift; path = "UILabel+.swift"; sourceTree = "<group>"; };
		A59BF1A7298DAC470082B923 /* WebViewViewController.swift */ = {isa = PBXFileReference; lastKnownFileType = sourcecode.swift; path = WebViewViewController.swift; sourceTree = "<group>"; };
		A59BF1A9298DBB610082B923 /* NYTAPIManager.swift */ = {isa = PBXFileReference; lastKnownFileType = sourcecode.swift; path = NYTAPIManager.swift; sourceTree = "<group>"; };
		A59BF1B3298E709C0082B923 /* NYTAPIKey.swift */ = {isa = PBXFileReference; lastKnownFileType = sourcecode.swift; path = NYTAPIKey.swift; sourceTree = "<group>"; };
		A59BF1B8298ED1940082B923 /* NotificationsName+.swift */ = {isa = PBXFileReference; lastKnownFileType = sourcecode.swift; path = "NotificationsName+.swift"; sourceTree = "<group>"; };
		A59BF1BE298FAE3F0082B923 /* NYTTestPysarenkoDev.xcdatamodel */ = {isa = PBXFileReference; lastKnownFileType = wrapper.xcdatamodel; path = NYTTestPysarenkoDev.xcdatamodel; sourceTree = "<group>"; };
		A59BF1C1298FAE790082B923 /* CoreDataStack.swift */ = {isa = PBXFileReference; lastKnownFileType = sourcecode.swift; path = CoreDataStack.swift; sourceTree = "<group>"; };
		A59BF1C5298FB1160082B923 /* CategoryEntity+CoreDataClass.swift */ = {isa = PBXFileReference; lastKnownFileType = sourcecode.swift; path = "CategoryEntity+CoreDataClass.swift"; sourceTree = "<group>"; };
		A59BF1C6298FB1160082B923 /* CategoryEntity+CoreDataProperties.swift */ = {isa = PBXFileReference; lastKnownFileType = sourcecode.swift; path = "CategoryEntity+CoreDataProperties.swift"; sourceTree = "<group>"; };
		A59BF1D0298FBEC30082B923 /* BuyLinkEntity+CoreDataClass.swift */ = {isa = PBXFileReference; lastKnownFileType = sourcecode.swift; path = "BuyLinkEntity+CoreDataClass.swift"; sourceTree = "<group>"; };
		A59BF1D1298FBEC30082B923 /* BuyLinkEntity+CoreDataProperties.swift */ = {isa = PBXFileReference; lastKnownFileType = sourcecode.swift; path = "BuyLinkEntity+CoreDataProperties.swift"; sourceTree = "<group>"; };
		A59BF1DF298FCE180082B923 /* DataProvider.swift */ = {isa = PBXFileReference; lastKnownFileType = sourcecode.swift; path = DataProvider.swift; sourceTree = "<group>"; };
		A5D67B9929AE082F00E7DACA /* ResponseCategories.swift */ = {isa = PBXFileReference; lastKnownFileType = sourcecode.swift; path = ResponseCategories.swift; sourceTree = "<group>"; };
		A5D67B9B29AE085700E7DACA /* CategoryModel.swift */ = {isa = PBXFileReference; lastKnownFileType = sourcecode.swift; path = CategoryModel.swift; sourceTree = "<group>"; };
		A5D67B9D29AE089800E7DACA /* BookModel.swift */ = {isa = PBXFileReference; lastKnownFileType = sourcecode.swift; path = BookModel.swift; sourceTree = "<group>"; };
		A5D67B9F29AE08BB00E7DACA /* ResponseBooks.swift */ = {isa = PBXFileReference; lastKnownFileType = sourcecode.swift; path = ResponseBooks.swift; sourceTree = "<group>"; };
		A5DDC42E2993D76900CF1485 /* Dynamic.swift */ = {isa = PBXFileReference; lastKnownFileType = sourcecode.swift; path = Dynamic.swift; sourceTree = "<group>"; };
		A5E38E6A2992EAC50088B860 /* BuyLinksAlertController.swift */ = {isa = PBXFileReference; lastKnownFileType = sourcecode.swift; path = BuyLinksAlertController.swift; sourceTree = "<group>"; };
		A5F0A82E2994096500755F43 /* BookEntity+CoreDataClass.swift */ = {isa = PBXFileReference; lastKnownFileType = sourcecode.swift; path = "BookEntity+CoreDataClass.swift"; sourceTree = "<group>"; };
		A5F0A82F2994096500755F43 /* BookEntity+CoreDataProperties.swift */ = {isa = PBXFileReference; lastKnownFileType = sourcecode.swift; path = "BookEntity+CoreDataProperties.swift"; sourceTree = "<group>"; };
		A5F0A8362995175000755F43 /* BookCategoriesEntity+CoreDataClass.swift */ = {isa = PBXFileReference; lastKnownFileType = sourcecode.swift; path = "BookCategoriesEntity+CoreDataClass.swift"; sourceTree = "<group>"; };
		A5F0A8372995175000755F43 /* BookCategoriesEntity+CoreDataProperties.swift */ = {isa = PBXFileReference; lastKnownFileType = sourcecode.swift; path = "BookCategoriesEntity+CoreDataProperties.swift"; sourceTree = "<group>"; };
		A5F0A8382995175000755F43 /* BookIDEntity+CoreDataClass.swift */ = {isa = PBXFileReference; lastKnownFileType = sourcecode.swift; path = "BookIDEntity+CoreDataClass.swift"; sourceTree = "<group>"; };
		A5F0A8392995175000755F43 /* BookIDEntity+CoreDataProperties.swift */ = {isa = PBXFileReference; lastKnownFileType = sourcecode.swift; path = "BookIDEntity+CoreDataProperties.swift"; sourceTree = "<group>"; };
		D398DDAA9EC8CA41796BDAC2 /* Pods-NYTTestPysarenkoDev.debug.xcconfig */ = {isa = PBXFileReference; includeInIndex = 1; lastKnownFileType = text.xcconfig; name = "Pods-NYTTestPysarenkoDev.debug.xcconfig"; path = "Target Support Files/Pods-NYTTestPysarenkoDev/Pods-NYTTestPysarenkoDev.debug.xcconfig"; sourceTree = "<group>"; };
/* End PBXFileReference section */

/* Begin PBXFrameworksBuildPhase section */
		A59BF16D298D56CE0082B923 /* Frameworks */ = {
			isa = PBXFrameworksBuildPhase;
			buildActionMask = 2147483647;
			files = (
				A59BF1DE298FC9B10082B923 /* SwiftyJSON in Frameworks */,
				A59BF1B7298E72590082B923 /* Alamofire in Frameworks */,
				A59BF1BC298F06DB0082B923 /* AlamofireImage in Frameworks */,
				B83799EB800C58AE1C0DFCF7 /* Pods_NYTTestPysarenkoDev.framework in Frameworks */,
			);
			runOnlyForDeploymentPostprocessing = 0;
		};
/* End PBXFrameworksBuildPhase section */

/* Begin PBXGroup section */
		447D8C41FF34BDF6CCC2D70F /* Pods */ = {
			isa = PBXGroup;
			children = (
				D398DDAA9EC8CA41796BDAC2 /* Pods-NYTTestPysarenkoDev.debug.xcconfig */,
				94711481C84EDFA6CE82C1CB /* Pods-NYTTestPysarenkoDev.release.xcconfig */,
			);
			path = Pods;
			sourceTree = "<group>";
		};
		A59BF167298D56CE0082B923 = {
			isa = PBXGroup;
			children = (
				A59BF172298D56CE0082B923 /* NYTTestPysarenkoDev */,
				A59BF171298D56CE0082B923 /* Products */,
				447D8C41FF34BDF6CCC2D70F /* Pods */,
				A68D515AAE2094357D0CB190 /* Frameworks */,
			);
			sourceTree = "<group>";
		};
		A59BF171298D56CE0082B923 /* Products */ = {
			isa = PBXGroup;
			children = (
				A59BF170298D56CE0082B923 /* NYTTestPysarenkoDev.app */,
			);
			name = Products;
			sourceTree = "<group>";
		};
		A59BF172298D56CE0082B923 /* NYTTestPysarenkoDev */ = {
			isa = PBXGroup;
			children = (
				A59BF173298D56CE0082B923 /* AppDelegate.swift */,
				A59BF175298D56CE0082B923 /* SceneDelegate.swift */,
				A59BF199298D805B0082B923 /* Services */,
				A59BF187298D56E40082B923 /* Model */,
				A59BF189298D57170082B923 /* ViewModel */,
				A59BF188298D56F40082B923 /* View */,
				A59BF1B2298E70610082B923 /* Constants */,
				A59BF1A4298D8A1A0082B923 /* Extensions */,
				A59BF17C298D56D00082B923 /* Assets.xcassets */,
				A59BF17E298D56D00082B923 /* LaunchScreen.storyboard */,
				A59BF181298D56D00082B923 /* Info.plist */,
				A59BF1BD298FAE3F0082B923 /* NYTTestPysarenkoDev.xcdatamodeld */,
				A58805C92991BEB700305BE7 /* Localizable.strings */,
			);
			path = NYTTestPysarenkoDev;
			sourceTree = "<group>";
		};
		A59BF187298D56E40082B923 /* Model */ = {
			isa = PBXGroup;
			children = (
				A5D67B9629AE07C800E7DACA /* Codable Models */,
				A59BF1CF298FB1570082B923 /* Managed Objects */,
			);
			path = Model;
			sourceTree = "<group>";
		};
		A59BF188298D56F40082B923 /* View */ = {
			isa = PBXGroup;
			children = (
				A59BF190298D7F5E0082B923 /* CategoriesViewController.swift */,
				A59BF192298D7F7B0082B923 /* BooksViewController.swift */,
				A59BF1A7298DAC470082B923 /* WebViewViewController.swift */,
				A59BF194298D7FE30082B923 /* Cell */,
				A5E38E692992EA950088B860 /* Alert */,
			);
			path = View;
			sourceTree = "<group>";
		};
		A59BF189298D57170082B923 /* ViewModel */ = {
			isa = PBXGroup;
			children = (
				A5DDC42D2993D75300CF1485 /* Bindings */,
				A59BF19A298D81F40082B923 /* CategoryListViewModel.swift */,
				A59BF19C298D82010082B923 /* BookListViewModel.swift */,
			);
			path = ViewModel;
			sourceTree = "<group>";
		};
		A59BF194298D7FE30082B923 /* Cell */ = {
			isa = PBXGroup;
			children = (
				A59BF195298D800E0082B923 /* CategoryCollectionViewCell.swift */,
				A59BF197298D801A0082B923 /* BookCollectionViewCell.swift */,
			);
			path = Cell;
			sourceTree = "<group>";
		};
		A59BF199298D805B0082B923 /* Services */ = {
			isa = PBXGroup;
			children = (
				A59BF1C0298FAE590082B923 /* Core Data */,
				A59BF1B1298E6F8F0082B923 /* Networking */,
			);
			path = Services;
			sourceTree = "<group>";
		};
		A59BF1A4298D8A1A0082B923 /* Extensions */ = {
			isa = PBXGroup;
			children = (
				A59BF1A5298D8A2F0082B923 /* UILabel+.swift */,
				A59BF1B8298ED1940082B923 /* NotificationsName+.swift */,
				A58805C22991BCDC00305BE7 /* String+Localized.swift */,
			);
			path = Extensions;
			sourceTree = "<group>";
		};
		A59BF1B1298E6F8F0082B923 /* Networking */ = {
			isa = PBXGroup;
			children = (
				A59BF1A9298DBB610082B923 /* NYTAPIManager.swift */,
				A59BF1DF298FCE180082B923 /* DataProvider.swift */,
				A557D62529AE91F90048C72E /* ConstructURLs.swift */,
			);
			path = Networking;
			sourceTree = "<group>";
		};
		A59BF1B2298E70610082B923 /* Constants */ = {
			isa = PBXGroup;
			children = (
				A59BF1B3298E709C0082B923 /* NYTAPIKey.swift */,
			);
			path = Constants;
			sourceTree = "<group>";
		};
		A59BF1C0298FAE590082B923 /* Core Data */ = {
			isa = PBXGroup;
			children = (
				A59BF1C1298FAE790082B923 /* CoreDataStack.swift */,
			);
			path = "Core Data";
			sourceTree = "<group>";
		};
		A59BF1CF298FB1570082B923 /* Managed Objects */ = {
			isa = PBXGroup;
			children = (
				A5F0A8362995175000755F43 /* BookCategoriesEntity+CoreDataClass.swift */,
				A5F0A8372995175000755F43 /* BookCategoriesEntity+CoreDataProperties.swift */,
				A5F0A8382995175000755F43 /* BookIDEntity+CoreDataClass.swift */,
				A5F0A8392995175000755F43 /* BookIDEntity+CoreDataProperties.swift */,
				A5F0A82E2994096500755F43 /* BookEntity+CoreDataClass.swift */,
				A5F0A82F2994096500755F43 /* BookEntity+CoreDataProperties.swift */,
				A59BF1C5298FB1160082B923 /* CategoryEntity+CoreDataClass.swift */,
				A59BF1C6298FB1160082B923 /* CategoryEntity+CoreDataProperties.swift */,
				A59BF1D0298FBEC30082B923 /* BuyLinkEntity+CoreDataClass.swift */,
				A59BF1D1298FBEC30082B923 /* BuyLinkEntity+CoreDataProperties.swift */,
			);
			path = "Managed Objects";
			sourceTree = "<group>";
		};
		A5D67B9629AE07C800E7DACA /* Codable Models */ = {
			isa = PBXGroup;
			children = (
				A5D67B9829AE07FF00E7DACA /* Categories API */,
				A5D67B9729AE07E900E7DACA /* Books API */,
			);
			path = "Codable Models";
			sourceTree = "<group>";
		};
		A5D67B9729AE07E900E7DACA /* Books API */ = {
			isa = PBXGroup;
			children = (
				A5D67B9D29AE089800E7DACA /* BookModel.swift */,
				A5D67B9F29AE08BB00E7DACA /* ResponseBooks.swift */,
			);
			path = "Books API";
			sourceTree = "<group>";
		};
		A5D67B9829AE07FF00E7DACA /* Categories API */ = {
			isa = PBXGroup;
			children = (
				A5D67B9929AE082F00E7DACA /* ResponseCategories.swift */,
				A5D67B9B29AE085700E7DACA /* CategoryModel.swift */,
			);
			path = "Categories API";
			sourceTree = "<group>";
		};
		A5DDC42D2993D75300CF1485 /* Bindings */ = {
			isa = PBXGroup;
			children = (
				A5DDC42E2993D76900CF1485 /* Dynamic.swift */,
			);
			path = Bindings;
			sourceTree = "<group>";
		};
		A5E38E692992EA950088B860 /* Alert */ = {
			isa = PBXGroup;
			children = (
				A5E38E6A2992EAC50088B860 /* BuyLinksAlertController.swift */,
			);
			path = Alert;
			sourceTree = "<group>";
		};
		A68D515AAE2094357D0CB190 /* Frameworks */ = {
			isa = PBXGroup;
			children = (
				4017B47FC98C14C509D06FAA /* Pods_NYTTestPysarenkoDev.framework */,
			);
			name = Frameworks;
			sourceTree = "<group>";
		};
/* End PBXGroup section */

/* Begin PBXNativeTarget section */
		A59BF16F298D56CE0082B923 /* NYTTestPysarenkoDev */ = {
			isa = PBXNativeTarget;
			buildConfigurationList = A59BF184298D56D00082B923 /* Build configuration list for PBXNativeTarget "NYTTestPysarenkoDev" */;
			buildPhases = (
				2EA96717833789F458505055 /* [CP] Check Pods Manifest.lock */,
				A59BF16C298D56CE0082B923 /* Sources */,
				A59BF16D298D56CE0082B923 /* Frameworks */,
				A59BF16E298D56CE0082B923 /* Resources */,
				A5FBA05429AD0E9400EA8B32 /* ShellScript */,
			);
			buildRules = (
			);
			dependencies = (
			);
			name = NYTTestPysarenkoDev;
			packageProductDependencies = (
				A59BF1B6298E72590082B923 /* Alamofire */,
				A59BF1BB298F06DB0082B923 /* AlamofireImage */,
				A59BF1DD298FC9B10082B923 /* SwiftyJSON */,
			);
			productName = NYTTestPysarenkoDev;
			productReference = A59BF170298D56CE0082B923 /* NYTTestPysarenkoDev.app */;
			productType = "com.apple.product-type.application";
		};
/* End PBXNativeTarget section */

/* Begin PBXProject section */
		A59BF168298D56CE0082B923 /* Project object */ = {
			isa = PBXProject;
			attributes = {
				BuildIndependentTargetsInParallel = 1;
				LastSwiftUpdateCheck = 1420;
				LastUpgradeCheck = 1420;
				TargetAttributes = {
					A59BF16F298D56CE0082B923 = {
						CreatedOnToolsVersion = 14.2;
					};
				};
			};
			buildConfigurationList = A59BF16B298D56CE0082B923 /* Build configuration list for PBXProject "NYTTestPysarenkoDev" */;
			compatibilityVersion = "Xcode 14.0";
			developmentRegion = en;
			hasScannedForEncodings = 0;
			knownRegions = (
				en,
				Base,
				uk,
			);
			mainGroup = A59BF167298D56CE0082B923;
			packageReferences = (
				A59BF1B5298E72590082B923 /* XCRemoteSwiftPackageReference "Alamofire" */,
				A59BF1BA298F06DB0082B923 /* XCRemoteSwiftPackageReference "AlamofireImage" */,
				A59BF1DC298FC9B10082B923 /* XCRemoteSwiftPackageReference "SwiftyJSON" */,
			);
			productRefGroup = A59BF171298D56CE0082B923 /* Products */;
			projectDirPath = "";
			projectRoot = "";
			targets = (
				A59BF16F298D56CE0082B923 /* NYTTestPysarenkoDev */,
			);
		};
/* End PBXProject section */

/* Begin PBXResourcesBuildPhase section */
		A59BF16E298D56CE0082B923 /* Resources */ = {
			isa = PBXResourcesBuildPhase;
			buildActionMask = 2147483647;
			files = (
				A59BF180298D56D00082B923 /* LaunchScreen.storyboard in Resources */,
				A58805C72991BEB700305BE7 /* Localizable.strings in Resources */,
				A59BF17D298D56D00082B923 /* Assets.xcassets in Resources */,
			);
			runOnlyForDeploymentPostprocessing = 0;
		};
/* End PBXResourcesBuildPhase section */

/* Begin PBXShellScriptBuildPhase section */
		2EA96717833789F458505055 /* [CP] Check Pods Manifest.lock */ = {
			isa = PBXShellScriptBuildPhase;
			buildActionMask = 2147483647;
			files = (
			);
			inputFileListPaths = (
			);
			inputPaths = (
				"${PODS_PODFILE_DIR_PATH}/Podfile.lock",
				"${PODS_ROOT}/Manifest.lock",
			);
			name = "[CP] Check Pods Manifest.lock";
			outputFileListPaths = (
			);
			outputPaths = (
				"$(DERIVED_FILE_DIR)/Pods-NYTTestPysarenkoDev-checkManifestLockResult.txt",
			);
			runOnlyForDeploymentPostprocessing = 0;
			shellPath = /bin/sh;
			shellScript = "diff \"${PODS_PODFILE_DIR_PATH}/Podfile.lock\" \"${PODS_ROOT}/Manifest.lock\" > /dev/null\nif [ $? != 0 ] ; then\n    # print error to STDERR\n    echo \"error: The sandbox is not in sync with the Podfile.lock. Run 'pod install' or update your CocoaPods installation.\" >&2\n    exit 1\nfi\n# This output is used by Xcode 'outputs' to avoid re-running this script phase.\necho \"SUCCESS\" > \"${SCRIPT_OUTPUT_FILE_0}\"\n";
			showEnvVarsInLog = 0;
		};
		A5FBA05429AD0E9400EA8B32 /* ShellScript */ = {
			isa = PBXShellScriptBuildPhase;
			alwaysOutOfDate = 1;
			buildActionMask = 2147483647;
			files = (
			);
			inputFileListPaths = (
			);
			inputPaths = (
			);
			outputFileListPaths = (
			);
			outputPaths = (
			);
			runOnlyForDeploymentPostprocessing = 0;
			shellPath = /bin/sh;
			shellScript = "export PATH=\"$PATH:/opt/homebrew/bin\"\nif which swiftlint > /dev/null; then\n  swiftlint\nelse\n  echo \"warning: SwiftLint not installed, download from https://github.com/realm/SwiftLint\"\nfi\n\n";
		};
/* End PBXShellScriptBuildPhase section */

/* Begin PBXSourcesBuildPhase section */
		A59BF16C298D56CE0082B923 /* Sources */ = {
			isa = PBXSourcesBuildPhase;
			buildActionMask = 2147483647;
			files = (
				A5D67B9C29AE085700E7DACA /* CategoryModel.swift in Sources */,
				A5F0A8322994096500755F43 /* BookEntity+CoreDataClass.swift in Sources */,
				A59BF198298D801A0082B923 /* BookCollectionViewCell.swift in Sources */,
				A5D67B9A29AE082F00E7DACA /* ResponseCategories.swift in Sources */,
				A59BF1B9298ED1940082B923 /* NotificationsName+.swift in Sources */,
				A59BF1B4298E709C0082B923 /* NYTAPIKey.swift in Sources */,
				A5D67B9E29AE089800E7DACA /* BookModel.swift in Sources */,
				A59BF1BF298FAE3F0082B923 /* NYTTestPysarenkoDev.xcdatamodeld in Sources */,
				A5E38E6B2992EAC50088B860 /* BuyLinksAlertController.swift in Sources */,
				A5DDC42F2993D76900CF1485 /* Dynamic.swift in Sources */,
				A59BF1A6298D8A2F0082B923 /* UILabel+.swift in Sources */,
				A59BF1D2298FBEC30082B923 /* BuyLinkEntity+CoreDataClass.swift in Sources */,
				A59BF174298D56CE0082B923 /* AppDelegate.swift in Sources */,
				A59BF191298D7F5E0082B923 /* CategoriesViewController.swift in Sources */,
				A59BF1D3298FBEC30082B923 /* BuyLinkEntity+CoreDataProperties.swift in Sources */,
				A5F0A83B2995175000755F43 /* BookCategoriesEntity+CoreDataProperties.swift in Sources */,
				A5D67BA029AE08BB00E7DACA /* ResponseBooks.swift in Sources */,
				A59BF19D298D82010082B923 /* BookListViewModel.swift in Sources */,
				A59BF1E0298FCE180082B923 /* DataProvider.swift in Sources */,
				A59BF1AA298DBB610082B923 /* NYTAPIManager.swift in Sources */,
				A5F0A83C2995175000755F43 /* BookIDEntity+CoreDataClass.swift in Sources */,
				A557D62629AE91F90048C72E /* ConstructURLs.swift in Sources */,
				A59BF1CB298FB1160082B923 /* CategoryEntity+CoreDataClass.swift in Sources */,
				A59BF1A8298DAC470082B923 /* WebViewViewController.swift in Sources */,
				A58805C32991BCDC00305BE7 /* String+Localized.swift in Sources */,
				A59BF1C2298FAE790082B923 /* CoreDataStack.swift in Sources */,
				A5F0A83A2995175000755F43 /* BookCategoriesEntity+CoreDataClass.swift in Sources */,
				A59BF176298D56CE0082B923 /* SceneDelegate.swift in Sources */,
				A59BF196298D800E0082B923 /* CategoryCollectionViewCell.swift in Sources */,
				A59BF19B298D81F40082B923 /* CategoryListViewModel.swift in Sources */,
				A5F0A83D2995175000755F43 /* BookIDEntity+CoreDataProperties.swift in Sources */,
				A59BF1CC298FB1160082B923 /* CategoryEntity+CoreDataProperties.swift in Sources */,
				A59BF193298D7F7B0082B923 /* BooksViewController.swift in Sources */,
				A5F0A8332994096500755F43 /* BookEntity+CoreDataProperties.swift in Sources */,
			);
			runOnlyForDeploymentPostprocessing = 0;
		};
/* End PBXSourcesBuildPhase section */

/* Begin PBXVariantGroup section */
		A58805C92991BEB700305BE7 /* Localizable.strings */ = {
			isa = PBXVariantGroup;
			children = (
				A58805C82991BEB700305BE7 /* en */,
				A58805CA2991BECF00305BE7 /* uk */,
			);
			name = Localizable.strings;
			sourceTree = "<group>";
		};
		A59BF17E298D56D00082B923 /* LaunchScreen.storyboard */ = {
			isa = PBXVariantGroup;
			children = (
				A59BF17F298D56D00082B923 /* Base */,
			);
			name = LaunchScreen.storyboard;
			sourceTree = "<group>";
		};
/* End PBXVariantGroup section */

/* Begin XCBuildConfiguration section */
		A59BF182298D56D00082B923 /* Debug */ = {
			isa = XCBuildConfiguration;
			buildSettings = {
				ALWAYS_SEARCH_USER_PATHS = NO;
				CLANG_ANALYZER_LOCALIZABILITY_NONLOCALIZED = YES;
				CLANG_ANALYZER_NONNULL = YES;
				CLANG_ANALYZER_NUMBER_OBJECT_CONVERSION = YES_AGGRESSIVE;
				CLANG_CXX_LANGUAGE_STANDARD = "gnu++20";
				CLANG_ENABLE_MODULES = YES;
				CLANG_ENABLE_OBJC_ARC = YES;
				CLANG_ENABLE_OBJC_WEAK = YES;
				CLANG_WARN_BLOCK_CAPTURE_AUTORELEASING = YES;
				CLANG_WARN_BOOL_CONVERSION = YES;
				CLANG_WARN_COMMA = YES;
				CLANG_WARN_CONSTANT_CONVERSION = YES;
				CLANG_WARN_DEPRECATED_OBJC_IMPLEMENTATIONS = YES;
				CLANG_WARN_DIRECT_OBJC_ISA_USAGE = YES_ERROR;
				CLANG_WARN_DOCUMENTATION_COMMENTS = YES;
				CLANG_WARN_EMPTY_BODY = YES;
				CLANG_WARN_ENUM_CONVERSION = YES;
				CLANG_WARN_INFINITE_RECURSION = YES;
				CLANG_WARN_INT_CONVERSION = YES;
				CLANG_WARN_NON_LITERAL_NULL_CONVERSION = YES;
				CLANG_WARN_OBJC_IMPLICIT_RETAIN_SELF = YES;
				CLANG_WARN_OBJC_LITERAL_CONVERSION = YES;
				CLANG_WARN_OBJC_ROOT_CLASS = YES_ERROR;
				CLANG_WARN_QUOTED_INCLUDE_IN_FRAMEWORK_HEADER = YES;
				CLANG_WARN_RANGE_LOOP_ANALYSIS = YES;
				CLANG_WARN_STRICT_PROTOTYPES = YES;
				CLANG_WARN_SUSPICIOUS_MOVE = YES;
				CLANG_WARN_UNGUARDED_AVAILABILITY = YES_AGGRESSIVE;
				CLANG_WARN_UNREACHABLE_CODE = YES;
				CLANG_WARN__DUPLICATE_METHOD_MATCH = YES;
				COPY_PHASE_STRIP = NO;
				DEBUG_INFORMATION_FORMAT = dwarf;
				ENABLE_STRICT_OBJC_MSGSEND = YES;
				ENABLE_TESTABILITY = YES;
				GCC_C_LANGUAGE_STANDARD = gnu11;
				GCC_DYNAMIC_NO_PIC = NO;
				GCC_NO_COMMON_BLOCKS = YES;
				GCC_OPTIMIZATION_LEVEL = 0;
				GCC_PREPROCESSOR_DEFINITIONS = (
					"DEBUG=1",
					"$(inherited)",
				);
				GCC_WARN_64_TO_32_BIT_CONVERSION = YES;
				GCC_WARN_ABOUT_RETURN_TYPE = YES_ERROR;
				GCC_WARN_UNDECLARED_SELECTOR = YES;
				GCC_WARN_UNINITIALIZED_AUTOS = YES_AGGRESSIVE;
				GCC_WARN_UNUSED_FUNCTION = YES;
				GCC_WARN_UNUSED_VARIABLE = YES;
				IPHONEOS_DEPLOYMENT_TARGET = 16.2;
				MTL_ENABLE_DEBUG_INFO = INCLUDE_SOURCE;
				MTL_FAST_MATH = YES;
				ONLY_ACTIVE_ARCH = YES;
				SDKROOT = iphoneos;
				SWIFT_ACTIVE_COMPILATION_CONDITIONS = DEBUG;
				SWIFT_OPTIMIZATION_LEVEL = "-Onone";
			};
			name = Debug;
		};
		A59BF183298D56D00082B923 /* Release */ = {
			isa = XCBuildConfiguration;
			buildSettings = {
				ALWAYS_SEARCH_USER_PATHS = NO;
				CLANG_ANALYZER_LOCALIZABILITY_NONLOCALIZED = YES;
				CLANG_ANALYZER_NONNULL = YES;
				CLANG_ANALYZER_NUMBER_OBJECT_CONVERSION = YES_AGGRESSIVE;
				CLANG_CXX_LANGUAGE_STANDARD = "gnu++20";
				CLANG_ENABLE_MODULES = YES;
				CLANG_ENABLE_OBJC_ARC = YES;
				CLANG_ENABLE_OBJC_WEAK = YES;
				CLANG_WARN_BLOCK_CAPTURE_AUTORELEASING = YES;
				CLANG_WARN_BOOL_CONVERSION = YES;
				CLANG_WARN_COMMA = YES;
				CLANG_WARN_CONSTANT_CONVERSION = YES;
				CLANG_WARN_DEPRECATED_OBJC_IMPLEMENTATIONS = YES;
				CLANG_WARN_DIRECT_OBJC_ISA_USAGE = YES_ERROR;
				CLANG_WARN_DOCUMENTATION_COMMENTS = YES;
				CLANG_WARN_EMPTY_BODY = YES;
				CLANG_WARN_ENUM_CONVERSION = YES;
				CLANG_WARN_INFINITE_RECURSION = YES;
				CLANG_WARN_INT_CONVERSION = YES;
				CLANG_WARN_NON_LITERAL_NULL_CONVERSION = YES;
				CLANG_WARN_OBJC_IMPLICIT_RETAIN_SELF = YES;
				CLANG_WARN_OBJC_LITERAL_CONVERSION = YES;
				CLANG_WARN_OBJC_ROOT_CLASS = YES_ERROR;
				CLANG_WARN_QUOTED_INCLUDE_IN_FRAMEWORK_HEADER = YES;
				CLANG_WARN_RANGE_LOOP_ANALYSIS = YES;
				CLANG_WARN_STRICT_PROTOTYPES = YES;
				CLANG_WARN_SUSPICIOUS_MOVE = YES;
				CLANG_WARN_UNGUARDED_AVAILABILITY = YES_AGGRESSIVE;
				CLANG_WARN_UNREACHABLE_CODE = YES;
				CLANG_WARN__DUPLICATE_METHOD_MATCH = YES;
				COPY_PHASE_STRIP = NO;
				DEBUG_INFORMATION_FORMAT = "dwarf-with-dsym";
				ENABLE_NS_ASSERTIONS = NO;
				ENABLE_STRICT_OBJC_MSGSEND = YES;
				GCC_C_LANGUAGE_STANDARD = gnu11;
				GCC_NO_COMMON_BLOCKS = YES;
				GCC_WARN_64_TO_32_BIT_CONVERSION = YES;
				GCC_WARN_ABOUT_RETURN_TYPE = YES_ERROR;
				GCC_WARN_UNDECLARED_SELECTOR = YES;
				GCC_WARN_UNINITIALIZED_AUTOS = YES_AGGRESSIVE;
				GCC_WARN_UNUSED_FUNCTION = YES;
				GCC_WARN_UNUSED_VARIABLE = YES;
				IPHONEOS_DEPLOYMENT_TARGET = 16.2;
				MTL_ENABLE_DEBUG_INFO = NO;
				MTL_FAST_MATH = YES;
				SDKROOT = iphoneos;
				SWIFT_COMPILATION_MODE = wholemodule;
				SWIFT_OPTIMIZATION_LEVEL = "-O";
				VALIDATE_PRODUCT = YES;
			};
			name = Release;
		};
		A59BF185298D56D00082B923 /* Debug */ = {
			isa = XCBuildConfiguration;
			baseConfigurationReference = D398DDAA9EC8CA41796BDAC2 /* Pods-NYTTestPysarenkoDev.debug.xcconfig */;
			buildSettings = {
				ASSETCATALOG_COMPILER_APPICON_NAME = AppIcon;
				ASSETCATALOG_COMPILER_GLOBAL_ACCENT_COLOR_NAME = AccentColor;
				CODE_SIGN_STYLE = Automatic;
				CURRENT_PROJECT_VERSION = 1;
				DEVELOPMENT_TEAM = H32J47ML7Z;
				GENERATE_INFOPLIST_FILE = YES;
				INFOPLIST_FILE = NYTTestPysarenkoDev/Info.plist;
				INFOPLIST_KEY_UIApplicationSupportsIndirectInputEvents = YES;
				INFOPLIST_KEY_UILaunchStoryboardName = LaunchScreen;
				INFOPLIST_KEY_UISupportedInterfaceOrientations_iPad = "UIInterfaceOrientationPortrait UIInterfaceOrientationPortraitUpsideDown UIInterfaceOrientationLandscapeLeft UIInterfaceOrientationLandscapeRight";
				INFOPLIST_KEY_UISupportedInterfaceOrientations_iPhone = "UIInterfaceOrientationPortrait UIInterfaceOrientationLandscapeLeft UIInterfaceOrientationLandscapeRight";
				LD_RUNPATH_SEARCH_PATHS = (
					"$(inherited)",
					"@executable_path/Frameworks",
				);
				MARKETING_VERSION = 1.0;
				PRODUCT_BUNDLE_IDENTIFIER = com.vpysarenko.NYTTestPysarenkoDev;
				PRODUCT_NAME = "$(TARGET_NAME)";
				SWIFT_EMIT_LOC_STRINGS = YES;
				SWIFT_VERSION = 5.0;
				TARGETED_DEVICE_FAMILY = "1,2";
			};
			name = Debug;
		};
		A59BF186298D56D00082B923 /* Release */ = {
			isa = XCBuildConfiguration;
			baseConfigurationReference = 94711481C84EDFA6CE82C1CB /* Pods-NYTTestPysarenkoDev.release.xcconfig */;
			buildSettings = {
				ASSETCATALOG_COMPILER_APPICON_NAME = AppIcon;
				ASSETCATALOG_COMPILER_GLOBAL_ACCENT_COLOR_NAME = AccentColor;
				CODE_SIGN_STYLE = Automatic;
				CURRENT_PROJECT_VERSION = 1;
				DEVELOPMENT_TEAM = H32J47ML7Z;
				GENERATE_INFOPLIST_FILE = YES;
				INFOPLIST_FILE = NYTTestPysarenkoDev/Info.plist;
				INFOPLIST_KEY_UIApplicationSupportsIndirectInputEvents = YES;
				INFOPLIST_KEY_UILaunchStoryboardName = LaunchScreen;
				INFOPLIST_KEY_UISupportedInterfaceOrientations_iPad = "UIInterfaceOrientationPortrait UIInterfaceOrientationPortraitUpsideDown UIInterfaceOrientationLandscapeLeft UIInterfaceOrientationLandscapeRight";
				INFOPLIST_KEY_UISupportedInterfaceOrientations_iPhone = "UIInterfaceOrientationPortrait UIInterfaceOrientationLandscapeLeft UIInterfaceOrientationLandscapeRight";
				LD_RUNPATH_SEARCH_PATHS = (
					"$(inherited)",
					"@executable_path/Frameworks",
				);
				MARKETING_VERSION = 1.0;
				PRODUCT_BUNDLE_IDENTIFIER = com.vpysarenko.NYTTestPysarenkoDev;
				PRODUCT_NAME = "$(TARGET_NAME)";
				SWIFT_EMIT_LOC_STRINGS = YES;
				SWIFT_VERSION = 5.0;
				TARGETED_DEVICE_FAMILY = "1,2";
			};
			name = Release;
		};
/* End XCBuildConfiguration section */

/* Begin XCConfigurationList section */
		A59BF16B298D56CE0082B923 /* Build configuration list for PBXProject "NYTTestPysarenkoDev" */ = {
			isa = XCConfigurationList;
			buildConfigurations = (
				A59BF182298D56D00082B923 /* Debug */,
				A59BF183298D56D00082B923 /* Release */,
			);
			defaultConfigurationIsVisible = 0;
			defaultConfigurationName = Release;
		};
		A59BF184298D56D00082B923 /* Build configuration list for PBXNativeTarget "NYTTestPysarenkoDev" */ = {
			isa = XCConfigurationList;
			buildConfigurations = (
				A59BF185298D56D00082B923 /* Debug */,
				A59BF186298D56D00082B923 /* Release */,
			);
			defaultConfigurationIsVisible = 0;
			defaultConfigurationName = Release;
		};
/* End XCConfigurationList section */

/* Begin XCRemoteSwiftPackageReference section */
		A59BF1B5298E72590082B923 /* XCRemoteSwiftPackageReference "Alamofire" */ = {
			isa = XCRemoteSwiftPackageReference;
			repositoryURL = "https://github.com/Alamofire/Alamofire.git";
			requirement = {
				branch = master;
				kind = branch;
			};
		};
		A59BF1BA298F06DB0082B923 /* XCRemoteSwiftPackageReference "AlamofireImage" */ = {
			isa = XCRemoteSwiftPackageReference;
			repositoryURL = "https://github.com/Alamofire/AlamofireImage.git";
			requirement = {
				kind = upToNextMajorVersion;
				minimumVersion = 4.0.0;
			};
		};
		A59BF1DC298FC9B10082B923 /* XCRemoteSwiftPackageReference "SwiftyJSON" */ = {
			isa = XCRemoteSwiftPackageReference;
			repositoryURL = "https://github.com/SwiftyJSON/SwiftyJSON";
			requirement = {
				branch = master;
				kind = branch;
			};
		};
/* End XCRemoteSwiftPackageReference section */

/* Begin XCSwiftPackageProductDependency section */
		A59BF1B6298E72590082B923 /* Alamofire */ = {
			isa = XCSwiftPackageProductDependency;
			package = A59BF1B5298E72590082B923 /* XCRemoteSwiftPackageReference "Alamofire" */;
			productName = Alamofire;
		};
		A59BF1BB298F06DB0082B923 /* AlamofireImage */ = {
			isa = XCSwiftPackageProductDependency;
			package = A59BF1BA298F06DB0082B923 /* XCRemoteSwiftPackageReference "AlamofireImage" */;
			productName = AlamofireImage;
		};
		A59BF1DD298FC9B10082B923 /* SwiftyJSON */ = {
			isa = XCSwiftPackageProductDependency;
			package = A59BF1DC298FC9B10082B923 /* XCRemoteSwiftPackageReference "SwiftyJSON" */;
			productName = SwiftyJSON;
		};
/* End XCSwiftPackageProductDependency section */

/* Begin XCVersionGroup section */
		A59BF1BD298FAE3F0082B923 /* NYTTestPysarenkoDev.xcdatamodeld */ = {
			isa = XCVersionGroup;
			children = (
				A59BF1BE298FAE3F0082B923 /* NYTTestPysarenkoDev.xcdatamodel */,
			);
			currentVersion = A59BF1BE298FAE3F0082B923 /* NYTTestPysarenkoDev.xcdatamodel */;
			path = NYTTestPysarenkoDev.xcdatamodeld;
			sourceTree = "<group>";
			versionGroupType = wrapper.xcdatamodel;
		};
/* End XCVersionGroup section */
	};
	rootObject = A59BF168298D56CE0082B923 /* Project object */;
}
